
Microsoft Visual Studio Solution File, Format Version 12.00
# Visual Studio Version 17
VisualStudioVersion = 17.9.34728.123
MinimumVisualStudioVersion = 10.0.40219.1
Project("{778DAE3C-4631-46EA-AA77-85C1314464D9}") = "Knightlight v5 GUI", "Knightlight v5 GUI\Knightlight v5 GUI.vbproj", "{C2C85140-BA4E-401E-833B-2493FF741FD0}"
EndProject
Project("{778DAE3C-4631-46EA-AA77-85C1314464D9}") = "Knightlight v5 Server", "Knightlight v5 Server\Knightlight v5 Server.vbproj", "{B6C01D0D-D30F-44DE-BAB8-5B1069ED562F}"
EndProject
Project("{F184B08F-C81C-45F6-A57F-5ABD9991F28F}") = "Knightlight v5 Library", "Knightlight v5 Library\Knightlight v5 Library.vbproj", "{905D61A7-D72C-45A8-AD01-29BF52C4755F}"
EndProject
Global
	GlobalSection(SolutionConfigurationPlatforms) = preSolution
		Debug|Any CPU = Debug|Any CPU
		Release|Any CPU = Release|Any CPU
	EndGlobalSection
	GlobalSection(ProjectConfigurationPlatforms) = postSolution
		{C2C85140-BA4E-401E-833B-2493FF741FD0}.Debug|Any CPU.ActiveCfg = Debug|Any CPU
		{C2C85140-BA4E-401E-833B-2493FF741FD0}.Debug|Any CPU.Build.0 = Debug|Any CPU
		{C2C85140-BA4E-401E-833B-2493FF741FD0}.Release|Any CPU.ActiveCfg = Release|Any CPU
		{C2C85140-BA4E-401E-833B-2493FF741FD0}.Release|Any CPU.Build.0 = Release|Any CPU
		{B6C01D0D-D30F-44DE-BAB8-5B1069ED562F}.Debug|Any CPU.ActiveCfg = Debug|Any CPU
		{B6C01D0D-D30F-44DE-BAB8-5B1069ED562F}.Debug|Any CPU.Build.0 = Debug|Any CPU
		{B6C01D0D-D30F-44DE-BAB8-5B1069ED562F}.Release|Any CPU.ActiveCfg = Release|Any CPU
		{B6C01D0D-D30F-44DE-BAB8-5B1069ED562F}.Release|Any CPU.Build.0 = Release|Any CPU
		{905D61A7-D72C-45A8-AD01-29BF52C4755F}.Debug|Any CPU.ActiveCfg = Debug|Any CPU
		{905D61A7-D72C-45A8-AD01-29BF52C4755F}.Debug|Any CPU.Build.0 = Debug|Any CPU
		{905D61A7-D72C-45A8-AD01-29BF52C4755F}.Release|Any CPU.ActiveCfg = Release|Any CPU
		{905D61A7-D72C-45A8-AD01-29BF52C4755F}.Release|Any CPU.Build.0 = Release|Any CPU
	EndGlobalSection
	GlobalSection(SolutionProperties) = preSolution
		HideSolutionNode = FALSE
	EndGlobalSection
	GlobalSection(ExtensibilityGlobals) = postSolution
		SolutionGuid = {1A9D5D98-78D0-41CC-AF37-F6D7FE744209}
	EndGlobalSection
EndGlobal
